
Microsoft Visual Studio Solution File, Format Version 12.00
# 
Project("{2150E333-8FDC-42A3-9474-1A3956D46DE8}") = "src", "src", "{BA90909E-7A6E-41A2-99C2-FAD7E06F4124}"
EndProject
Project("{FAE04EC0-301F-11D3-BF4B-00C04F79EFBC}") = "Dec_01", "src\Dec_01\Dec_01.csproj", "{D59A7E1D-D9AE-4B83-B974-9C115FDDE76F}"
EndProject
Project("{FAE04EC0-301F-11D3-BF4B-00C04F79EFBC}") = "Dec_02", "src\Dec_02\Dec_02.csproj", "{C8B3F510-2169-442E-BFD3-EAC2A317A60A}"
EndProject
Project("{FAE04EC0-301F-11D3-BF4B-00C04F79EFBC}") = "Dec_03", "src\Dec_03\Dec_03.csproj", "{DE2CD6E0-590E-4D38-9885-DB97C9E54F24}"
EndProject
Project("{FAE04EC0-301F-11D3-BF4B-00C04F79EFBC}") = "Dec_04", "src\Dec_04\Dec_04.csproj", "{9AD6FBA8-AD6C-4047-94BC-4A69840A0059}"
EndProject
Project("{FAE04EC0-301F-11D3-BF4B-00C04F79EFBC}") = "Dec_05", "src\Dec_05\Dec_05.csproj", "{45601632-F5A2-4AEB-8EA7-BE892719C9B5}"
EndProject
Project("{FAE04EC0-301F-11D3-BF4B-00C04F79EFBC}") = "Dec_06", "src\Dec_06\Dec_06.csproj", "{3842481A-29D3-436E-A0C9-3C257EE1F943}"
EndProject
Project("{FAE04EC0-301F-11D3-BF4B-00C04F79EFBC}") = "Dec_07", "src\Dec_07\Dec_07.csproj", "{3D61FAF2-FFBE-4DB5-A823-32E718878FB8}"
EndProject
Project("{FAE04EC0-301F-11D3-BF4B-00C04F79EFBC}") = "Dec_08", "src\Dec_08\Dec_08.csproj", "{8E4C812F-9EEA-42D5-A36E-DDAE3EC27DCF}"
EndProject
Project("{FAE04EC0-301F-11D3-BF4B-00C04F79EFBC}") = "Dec_09", "src\Dec_09\Dec_09.csproj", "{C0DC86C7-C33A-4BC3-8C7A-C8A9F4700616}"
EndProject
Project("{FAE04EC0-301F-11D3-BF4B-00C04F79EFBC}") = "Dec_10", "src\Dec_10\Dec_10.csproj", "{4A187AC5-5F04-4D67-94F3-0C4CC88269C2}"
EndProject
Project("{FAE04EC0-301F-11D3-BF4B-00C04F79EFBC}") = "Dec_11", "src\Dec_11\Dec_11.csproj", "{71329DF6-6717-4D3C-8FDF-A9CA3D3D44A3}"
EndProject
Project("{FAE04EC0-301F-11D3-BF4B-00C04F79EFBC}") = "Dec_12", "src\Dec_12\Dec_12.csproj", "{3C60F15B-810B-416B-909A-E1127623D77A}"
EndProject
Project("{FAE04EC0-301F-11D3-BF4B-00C04F79EFBC}") = "Dec_13", "src\Dec_13\Dec_13.csproj", "{E3A2DBB7-D42E-4DB8-8514-F33689D936E1}"
EndProject
Project("{FAE04EC0-301F-11D3-BF4B-00C04F79EFBC}") = "Dec_14", "src\Dec_14\Dec_14.csproj", "{55CCF231-6F86-4908-91BB-1852971A46FF}"
EndProject
Project("{FAE04EC0-301F-11D3-BF4B-00C04F79EFBC}") = "Dec_15", "src\Dec_15\Dec_15.csproj", "{69E16A66-AF38-4B64-AE67-4ABA9F939E6E}"
EndProject
Global
	GlobalSection(SolutionConfigurationPlatforms) = preSolution
		Debug|Any CPU = Debug|Any CPU
		Release|Any CPU = Release|Any CPU
	EndGlobalSection
	GlobalSection(ProjectConfigurationPlatforms) = postSolution
		{D59A7E1D-D9AE-4B83-B974-9C115FDDE76F}.Debug|Any CPU.ActiveCfg = Debug|Any CPU
		{D59A7E1D-D9AE-4B83-B974-9C115FDDE76F}.Debug|Any CPU.Build.0 = Debug|Any CPU
		{D59A7E1D-D9AE-4B83-B974-9C115FDDE76F}.Release|Any CPU.ActiveCfg = Release|Any CPU
		{D59A7E1D-D9AE-4B83-B974-9C115FDDE76F}.Release|Any CPU.Build.0 = Release|Any CPU
		{C8B3F510-2169-442E-BFD3-EAC2A317A60A}.Debug|Any CPU.ActiveCfg = Debug|Any CPU
		{C8B3F510-2169-442E-BFD3-EAC2A317A60A}.Debug|Any CPU.Build.0 = Debug|Any CPU
		{C8B3F510-2169-442E-BFD3-EAC2A317A60A}.Release|Any CPU.ActiveCfg = Release|Any CPU
		{C8B3F510-2169-442E-BFD3-EAC2A317A60A}.Release|Any CPU.Build.0 = Release|Any CPU
		{DE2CD6E0-590E-4D38-9885-DB97C9E54F24}.Debug|Any CPU.ActiveCfg = Debug|Any CPU
		{DE2CD6E0-590E-4D38-9885-DB97C9E54F24}.Debug|Any CPU.Build.0 = Debug|Any CPU
		{DE2CD6E0-590E-4D38-9885-DB97C9E54F24}.Release|Any CPU.ActiveCfg = Release|Any CPU
		{DE2CD6E0-590E-4D38-9885-DB97C9E54F24}.Release|Any CPU.Build.0 = Release|Any CPU
		{9AD6FBA8-AD6C-4047-94BC-4A69840A0059}.Debug|Any CPU.ActiveCfg = Debug|Any CPU
		{9AD6FBA8-AD6C-4047-94BC-4A69840A0059}.Debug|Any CPU.Build.0 = Debug|Any CPU
		{9AD6FBA8-AD6C-4047-94BC-4A69840A0059}.Release|Any CPU.ActiveCfg = Release|Any CPU
		{9AD6FBA8-AD6C-4047-94BC-4A69840A0059}.Release|Any CPU.Build.0 = Release|Any CPU
		{45601632-F5A2-4AEB-8EA7-BE892719C9B5}.Debug|Any CPU.ActiveCfg = Debug|Any CPU
		{45601632-F5A2-4AEB-8EA7-BE892719C9B5}.Debug|Any CPU.Build.0 = Debug|Any CPU
		{45601632-F5A2-4AEB-8EA7-BE892719C9B5}.Release|Any CPU.ActiveCfg = Release|Any CPU
		{45601632-F5A2-4AEB-8EA7-BE892719C9B5}.Release|Any CPU.Build.0 = Release|Any CPU
		{3842481A-29D3-436E-A0C9-3C257EE1F943}.Debug|Any CPU.ActiveCfg = Debug|Any CPU
		{3842481A-29D3-436E-A0C9-3C257EE1F943}.Debug|Any CPU.Build.0 = Debug|Any CPU
		{3842481A-29D3-436E-A0C9-3C257EE1F943}.Release|Any CPU.ActiveCfg = Release|Any CPU
		{3842481A-29D3-436E-A0C9-3C257EE1F943}.Release|Any CPU.Build.0 = Release|Any CPU
		{3D61FAF2-FFBE-4DB5-A823-32E718878FB8}.Debug|Any CPU.ActiveCfg = Debug|Any CPU
		{3D61FAF2-FFBE-4DB5-A823-32E718878FB8}.Debug|Any CPU.Build.0 = Debug|Any CPU
		{3D61FAF2-FFBE-4DB5-A823-32E718878FB8}.Release|Any CPU.ActiveCfg = Release|Any CPU
		{3D61FAF2-FFBE-4DB5-A823-32E718878FB8}.Release|Any CPU.Build.0 = Release|Any CPU
		{8E4C812F-9EEA-42D5-A36E-DDAE3EC27DCF}.Debug|Any CPU.ActiveCfg = Debug|Any CPU
		{8E4C812F-9EEA-42D5-A36E-DDAE3EC27DCF}.Debug|Any CPU.Build.0 = Debug|Any CPU
		{8E4C812F-9EEA-42D5-A36E-DDAE3EC27DCF}.Release|Any CPU.ActiveCfg = Release|Any CPU
		{8E4C812F-9EEA-42D5-A36E-DDAE3EC27DCF}.Release|Any CPU.Build.0 = Release|Any CPU
		{C0DC86C7-C33A-4BC3-8C7A-C8A9F4700616}.Debug|Any CPU.ActiveCfg = Debug|Any CPU
		{C0DC86C7-C33A-4BC3-8C7A-C8A9F4700616}.Debug|Any CPU.Build.0 = Debug|Any CPU
		{C0DC86C7-C33A-4BC3-8C7A-C8A9F4700616}.Release|Any CPU.ActiveCfg = Release|Any CPU
		{C0DC86C7-C33A-4BC3-8C7A-C8A9F4700616}.Release|Any CPU.Build.0 = Release|Any CPU
		{4A187AC5-5F04-4D67-94F3-0C4CC88269C2}.Debug|Any CPU.ActiveCfg = Debug|Any CPU
		{4A187AC5-5F04-4D67-94F3-0C4CC88269C2}.Debug|Any CPU.Build.0 = Debug|Any CPU
		{4A187AC5-5F04-4D67-94F3-0C4CC88269C2}.Release|Any CPU.ActiveCfg = Release|Any CPU
		{4A187AC5-5F04-4D67-94F3-0C4CC88269C2}.Release|Any CPU.Build.0 = Release|Any CPU
		{71329DF6-6717-4D3C-8FDF-A9CA3D3D44A3}.Debug|Any CPU.ActiveCfg = Debug|Any CPU
		{71329DF6-6717-4D3C-8FDF-A9CA3D3D44A3}.Debug|Any CPU.Build.0 = Debug|Any CPU
		{71329DF6-6717-4D3C-8FDF-A9CA3D3D44A3}.Release|Any CPU.ActiveCfg = Release|Any CPU
		{71329DF6-6717-4D3C-8FDF-A9CA3D3D44A3}.Release|Any CPU.Build.0 = Release|Any CPU
		{3C60F15B-810B-416B-909A-E1127623D77A}.Debug|Any CPU.ActiveCfg = Debug|Any CPU
		{3C60F15B-810B-416B-909A-E1127623D77A}.Debug|Any CPU.Build.0 = Debug|Any CPU
		{3C60F15B-810B-416B-909A-E1127623D77A}.Release|Any CPU.ActiveCfg = Release|Any CPU
		{3C60F15B-810B-416B-909A-E1127623D77A}.Release|Any CPU.Build.0 = Release|Any CPU
		{E3A2DBB7-D42E-4DB8-8514-F33689D936E1}.Debug|Any CPU.ActiveCfg = Debug|Any CPU
		{E3A2DBB7-D42E-4DB8-8514-F33689D936E1}.Debug|Any CPU.Build.0 = Debug|Any CPU
		{E3A2DBB7-D42E-4DB8-8514-F33689D936E1}.Release|Any CPU.ActiveCfg = Release|Any CPU
		{E3A2DBB7-D42E-4DB8-8514-F33689D936E1}.Release|Any CPU.Build.0 = Release|Any CPU
		{55CCF231-6F86-4908-91BB-1852971A46FF}.Debug|Any CPU.ActiveCfg = Debug|Any CPU
		{55CCF231-6F86-4908-91BB-1852971A46FF}.Debug|Any CPU.Build.0 = Debug|Any CPU
		{55CCF231-6F86-4908-91BB-1852971A46FF}.Release|Any CPU.ActiveCfg = Release|Any CPU
		{55CCF231-6F86-4908-91BB-1852971A46FF}.Release|Any CPU.Build.0 = Release|Any CPU
		{69E16A66-AF38-4B64-AE67-4ABA9F939E6E}.Debug|Any CPU.ActiveCfg = Debug|Any CPU
		{69E16A66-AF38-4B64-AE67-4ABA9F939E6E}.Debug|Any CPU.Build.0 = Debug|Any CPU
		{69E16A66-AF38-4B64-AE67-4ABA9F939E6E}.Release|Any CPU.ActiveCfg = Release|Any CPU
		{69E16A66-AF38-4B64-AE67-4ABA9F939E6E}.Release|Any CPU.Build.0 = Release|Any CPU
	EndGlobalSection
	GlobalSection(NestedProjects) = preSolution
		{D59A7E1D-D9AE-4B83-B974-9C115FDDE76F} = {BA90909E-7A6E-41A2-99C2-FAD7E06F4124}
		{C8B3F510-2169-442E-BFD3-EAC2A317A60A} = {BA90909E-7A6E-41A2-99C2-FAD7E06F4124}
		{DE2CD6E0-590E-4D38-9885-DB97C9E54F24} = {BA90909E-7A6E-41A2-99C2-FAD7E06F4124}
		{9AD6FBA8-AD6C-4047-94BC-4A69840A0059} = {BA90909E-7A6E-41A2-99C2-FAD7E06F4124}
		{45601632-F5A2-4AEB-8EA7-BE892719C9B5} = {BA90909E-7A6E-41A2-99C2-FAD7E06F4124}
		{3842481A-29D3-436E-A0C9-3C257EE1F943} = {BA90909E-7A6E-41A2-99C2-FAD7E06F4124}
		{3D61FAF2-FFBE-4DB5-A823-32E718878FB8} = {BA90909E-7A6E-41A2-99C2-FAD7E06F4124}
		{8E4C812F-9EEA-42D5-A36E-DDAE3EC27DCF} = {BA90909E-7A6E-41A2-99C2-FAD7E06F4124}
		{C0DC86C7-C33A-4BC3-8C7A-C8A9F4700616} = {BA90909E-7A6E-41A2-99C2-FAD7E06F4124}
		{4A187AC5-5F04-4D67-94F3-0C4CC88269C2} = {BA90909E-7A6E-41A2-99C2-FAD7E06F4124}
		{71329DF6-6717-4D3C-8FDF-A9CA3D3D44A3} = {BA90909E-7A6E-41A2-99C2-FAD7E06F4124}
		{3C60F15B-810B-416B-909A-E1127623D77A} = {BA90909E-7A6E-41A2-99C2-FAD7E06F4124}
		{E3A2DBB7-D42E-4DB8-8514-F33689D936E1} = {BA90909E-7A6E-41A2-99C2-FAD7E06F4124}
		{55CCF231-6F86-4908-91BB-1852971A46FF} = {BA90909E-7A6E-41A2-99C2-FAD7E06F4124}
		{69E16A66-AF38-4B64-AE67-4ABA9F939E6E} = {BA90909E-7A6E-41A2-99C2-FAD7E06F4124}
	EndGlobalSection
EndGlobal
